
Microsoft Visual Studio Solution File, Format Version 12.00
# Visual Studio Version 16
VisualStudioVersion = 16.0.31515.178
MinimumVisualStudioVersion = 10.0.40219.1
Project("{8BC9CEB8-8B4A-11D0-8D11-00A0C91BC942}") = "Objs2Abc", "Objs2Abc\Objs2Abc.vcxproj", "{C2B98D58-F639-4B18-92BE-E6D1BD5E64E9}"
EndProject
Global
	GlobalSection(SolutionConfigurationPlatforms) = preSolution
		Debug|x64 = Debug|x64
		Debug|x86 = Debug|x86
		Release|x64 = Release|x64
		Release|x86 = Release|x86
	EndGlobalSection
	GlobalSection(ProjectConfigurationPlatforms) = postSolution
		{C2B98D58-F639-4B18-92BE-E6D1BD5E64E9}.Debug|x64.ActiveCfg = Debug|x64
		{C2B98D58-F639-4B18-92BE-E6D1BD5E64E9}.Debug|x64.Build.0 = Debug|x64
		{C2B98D58-F639-4B18-92BE-E6D1BD5E64E9}.Debug|x86.ActiveCfg = Debug|Win32
		{C2B98D58-F639-4B18-92BE-E6D1BD5E64E9}.Debug|x86.Build.0 = Debug|Win32
		{C2B98D58-F639-4B18-92BE-E6D1BD5E64E9}.Release|x64.ActiveCfg = Release|x64
		{C2B98D58-F639-4B18-92BE-E6D1BD5E64E9}.Release|x64.Build.0 = Release|x64
		{C2B98D58-F639-4B18-92BE-E6D1BD5E64E9}.Release|x86.ActiveCfg = Release|Win32
		{C2B98D58-F639-4B18-92BE-E6D1BD5E64E9}.Release|x86.Build.0 = Release|Win32
	EndGlobalSection
	GlobalSection(SolutionProperties) = preSolution
		HideSolutionNode = FALSE
	EndGlobalSection
	GlobalSection(ExtensibilityGlobals) = postSolution
		SolutionGuid = {4DEAA572-836A-4FDD-90DE-298034A2C753}
	EndGlobalSection
EndGlobal
